
Microsoft Visual Studio Solution File, Format Version 12.00
# Visual Studio 15
VisualStudioVersion = 15.0.27004.2009
MinimumVisualStudioVersion = 10.0.40219.1
Project("{FAE04EC0-301F-11D3-BF4B-00C04F79EFBC}") = "test2", "test2\test2.csproj", "{0F91E1B6-C0F7-4599-8E06-B42CDA6EEF02}"
EndProject
Global
	GlobalSection(SolutionConfigurationPlatforms) = preSolution
		Debug|Any CPU = Debug|Any CPU
		Release|Any CPU = Release|Any CPU
	EndGlobalSection
	GlobalSection(ProjectConfigurationPlatforms) = postSolution
		{0F91E1B6-C0F7-4599-8E06-B42CDA6EEF02}.Debug|Any CPU.ActiveCfg = Debug|Any CPU
		{0F91E1B6-C0F7-4599-8E06-B42CDA6EEF02}.Debug|Any CPU.Build.0 = Debug|Any CPU
		{0F91E1B6-C0F7-4599-8E06-B42CDA6EEF02}.Release|Any CPU.ActiveCfg = Release|Any CPU
		{0F91E1B6-C0F7-4599-8E06-B42CDA6EEF02}.Release|Any CPU.Build.0 = Release|Any CPU
	EndGlobalSection
	GlobalSection(SolutionProperties) = preSolution
		HideSolutionNode = FALSE
	EndGlobalSection
	GlobalSection(ExtensibilityGlobals) = postSolution
		SolutionGuid = {CE941C8B-3E5A-47DB-88E8-388A2C28DEF9}
	EndGlobalSection
EndGlobal
